
Microsoft Visual Studio Solution File, Format Version 12.00
# Visual Studio 15
Project("{FAE04EC0-301F-11D3-BF4B-00C04F79EFBC}") = "Assembly-CSharp", "Assembly-CSharp.csproj", "{9B23D392-4B6F-6982-028D-F954F715F119}"
EndProject
Project("{FAE04EC0-301F-11D3-BF4B-00C04F79EFBC}") = "Assembly-CSharp-Editor", "Assembly-CSharp-Editor.csproj", "{841BEDB9-F6FC-E72B-789E-49B98D599CF5}"
EndProject
Global
	GlobalSection(SolutionConfigurationPlatforms) = preSolution
		Debug|Any CPU = Debug|Any CPU
		Release|Any CPU = Release|Any CPU
	EndGlobalSection
	GlobalSection(ProjectConfigurationPlatforms) = postSolution
		{9B23D392-4B6F-6982-028D-F954F715F119}.Debug|Any CPU.ActiveCfg = Debug|Any CPU
		{9B23D392-4B6F-6982-028D-F954F715F119}.Debug|Any CPU.Build.0 = Debug|Any CPU
		{9B23D392-4B6F-6982-028D-F954F715F119}.Release|Any CPU.ActiveCfg = Release|Any CPU
		{9B23D392-4B6F-6982-028D-F954F715F119}.Release|Any CPU.Build.0 = Release|Any CPU
		{841BEDB9-F6FC-E72B-789E-49B98D599CF5}.Debug|Any CPU.ActiveCfg = Debug|Any CPU
		{841BEDB9-F6FC-E72B-789E-49B98D599CF5}.Debug|Any CPU.Build.0 = Debug|Any CPU
		{841BEDB9-F6FC-E72B-789E-49B98D599CF5}.Release|Any CPU.ActiveCfg = Release|Any CPU
		{841BEDB9-F6FC-E72B-789E-49B98D599CF5}.Release|Any CPU.Build.0 = Release|Any CPU
	EndGlobalSection
	GlobalSection(SolutionProperties) = preSolution
		HideSolutionNode = FALSE
	EndGlobalSection
EndGlobal
